// !$*UTF8*$!
{
	archiveVersion = 1;
	classes = {
	};
	objectVersion = 55;
	objects = {

/* Begin PBXBuildFile section */
		4EF5C97A280AA90000E3FA64 /* EasyFirebase in Frameworks */ = {isa = PBXBuildFile; productRef = 4EF5C979280AA90000E3FA64 /* EasyFirebase */; };
		4EF5C97E280AAD7800E3FA64 /* mapView.swift in Sources */ = {isa = PBXBuildFile; fileRef = 4EF5C97D280AAD7800E3FA64 /* mapView.swift */; };
		4EF5C980280AB5C700E3FA64 /* RequestLocationData.swift in Sources */ = {isa = PBXBuildFile; fileRef = 4EF5C97F280AB5C700E3FA64 /* RequestLocationData.swift */; };
		87DBCFE4280A960E00EC8405 /* lockrAppApp.swift in Sources */ = {isa = PBXBuildFile; fileRef = 87DBCFE3280A960E00EC8405 /* lockrAppApp.swift */; };
		87DBCFE6280A960E00EC8405 /* ContentView.swift in Sources */ = {isa = PBXBuildFile; fileRef = 87DBCFE5280A960E00EC8405 /* ContentView.swift */; };
		87DBCFE8280A960F00EC8405 /* Assets.xcassets in Resources */ = {isa = PBXBuildFile; fileRef = 87DBCFE7280A960F00EC8405 /* Assets.xcassets */; };
		87DBCFEB280A960F00EC8405 /* Preview Assets.xcassets in Resources */ = {isa = PBXBuildFile; fileRef = 87DBCFEA280A960F00EC8405 /* Preview Assets.xcassets */; };
		87DBCFF6280A97A200EC8405 /* EasyFirebase in Frameworks */ = {isa = PBXBuildFile; productRef = 87DBCFF5280A97A200EC8405 /* EasyFirebase */; };
		87DBCFFA280A994F00EC8405 /* signUpView.swift in Sources */ = {isa = PBXBuildFile; fileRef = 87DBCFF9280A994F00EC8405 /* signUpView.swift */; };
		87DBCFFE280A9A7F00EC8405 /* Extensions.swift in Sources */ = {isa = PBXBuildFile; fileRef = 87DBCFFD280A9A7F00EC8405 /* Extensions.swift */; };
		87DBD002280A9EE500EC8405 /* onboardingView.swift in Sources */ = {isa = PBXBuildFile; fileRef = 87DBD001280A9EE500EC8405 /* onboardingView.swift */; };
		87DBD005280A9FC900EC8405 /* SignInWithAppleButtonCustom.swift in Sources */ = {isa = PBXBuildFile; fileRef = 87DBD004280A9FC900EC8405 /* SignInWithAppleButtonCustom.swift */; };
		87DBD007280AA72500EC8405 /* GoogleService-Info.plist in Resources */ = {isa = PBXBuildFile; fileRef = 87DBD006280AA72500EC8405 /* GoogleService-Info.plist */; };
		87DBD009280AA89F00EC8405 /* authService.swift in Sources */ = {isa = PBXBuildFile; fileRef = 87DBD008280AA89F00EC8405 /* authService.swift */; };
		87DBD00C280AB33A00EC8405 /* userConfig.swift in Sources */ = {isa = PBXBuildFile; fileRef = 87DBD00B280AB33A00EC8405 /* userConfig.swift */; };
		87DBD00E280AB52000EC8405 /* GoogleService-Info.plist in Resources */ = {isa = PBXBuildFile; fileRef = 87DBD00D280AB52000EC8405 /* GoogleService-Info.plist */; };
		87DBD011280B1B4A00EC8405 /* lockrPage.swift in Sources */ = {isa = PBXBuildFile; fileRef = 87DBD010280B1B4A00EC8405 /* lockrPage.swift */; };
/* End PBXBuildFile section */

/* Begin PBXFileReference section */
		4EF5C97D280AAD7800E3FA64 /* mapView.swift */ = {isa = PBXFileReference; lastKnownFileType = sourcecode.swift; path = mapView.swift; sourceTree = "<group>"; };
		4EF5C97F280AB5C700E3FA64 /* RequestLocationData.swift */ = {isa = PBXFileReference; lastKnownFileType = sourcecode.swift; path = RequestLocationData.swift; sourceTree = "<group>"; };
		87DBCFE0280A960E00EC8405 /* lockrApp.app */ = {isa = PBXFileReference; explicitFileType = wrapper.application; includeInIndex = 0; path = lockrApp.app; sourceTree = BUILT_PRODUCTS_DIR; };
		87DBCFE3280A960E00EC8405 /* lockrAppApp.swift */ = {isa = PBXFileReference; lastKnownFileType = sourcecode.swift; path = lockrAppApp.swift; sourceTree = "<group>"; };
		87DBCFE5280A960E00EC8405 /* ContentView.swift */ = {isa = PBXFileReference; lastKnownFileType = sourcecode.swift; path = ContentView.swift; sourceTree = "<group>"; };
		87DBCFE7280A960F00EC8405 /* Assets.xcassets */ = {isa = PBXFileReference; lastKnownFileType = folder.assetcatalog; path = Assets.xcassets; sourceTree = "<group>"; };
		87DBCFEA280A960F00EC8405 /* Preview Assets.xcassets */ = {isa = PBXFileReference; lastKnownFileType = folder.assetcatalog; path = "Preview Assets.xcassets"; sourceTree = "<group>"; };
		87DBCFF9280A994F00EC8405 /* signUpView.swift */ = {isa = PBXFileReference; lastKnownFileType = sourcecode.swift; path = signUpView.swift; sourceTree = "<group>"; };
		87DBCFFD280A9A7F00EC8405 /* Extensions.swift */ = {isa = PBXFileReference; lastKnownFileType = sourcecode.swift; path = Extensions.swift; sourceTree = "<group>"; };
		87DBD001280A9EE500EC8405 /* onboardingView.swift */ = {isa = PBXFileReference; lastKnownFileType = sourcecode.swift; path = onboardingView.swift; sourceTree = "<group>"; };
		87DBD004280A9FC900EC8405 /* SignInWithAppleButtonCustom.swift */ = {isa = PBXFileReference; lastKnownFileType = sourcecode.swift; path = SignInWithAppleButtonCustom.swift; sourceTree = "<group>"; };
		87DBD006280AA72500EC8405 /* GoogleService-Info.plist */ = {isa = PBXFileReference; fileEncoding = 4; lastKnownFileType = text.plist.xml; path = "GoogleService-Info.plist"; sourceTree = "<group>"; };
		87DBD008280AA89F00EC8405 /* authService.swift */ = {isa = PBXFileReference; lastKnownFileType = sourcecode.swift; path = authService.swift; sourceTree = "<group>"; };
		87DBD00A280AB0EB00EC8405 /* lockrApp.entitlements */ = {isa = PBXFileReference; lastKnownFileType = text.plist.entitlements; path = lockrApp.entitlements; sourceTree = "<group>"; };
		87DBD00B280AB33A00EC8405 /* userConfig.swift */ = {isa = PBXFileReference; lastKnownFileType = sourcecode.swift; path = userConfig.swift; sourceTree = "<group>"; };
		87DBD00D280AB52000EC8405 /* GoogleService-Info.plist */ = {isa = PBXFileReference; fileEncoding = 4; lastKnownFileType = text.plist.xml; path = "GoogleService-Info.plist"; sourceTree = "<group>"; };
		87DBD010280B1B4A00EC8405 /* lockrPage.swift */ = {isa = PBXFileReference; lastKnownFileType = sourcecode.swift; path = lockrPage.swift; sourceTree = "<group>"; };
/* End PBXFileReference section */

/* Begin PBXFrameworksBuildPhase section */
		87DBCFDD280A960E00EC8405 /* Frameworks */ = {
			isa = PBXFrameworksBuildPhase;
			buildActionMask = 2147483647;
			files = (
				87DBCFF6280A97A200EC8405 /* EasyFirebase in Frameworks */,
				4EF5C97A280AA90000E3FA64 /* EasyFirebase in Frameworks */,
			);
			runOnlyForDeploymentPostprocessing = 0;
		};
/* End PBXFrameworksBuildPhase section */

/* Begin PBXGroup section */
		87DBCFD7280A960D00EC8405 = {
			isa = PBXGroup;
			children = (
				87DBCFE2280A960E00EC8405 /* lockrApp */,
				87DBCFE1280A960E00EC8405 /* Products */,
				87DBD00F280B183100EC8405 /* Recovered References */,
			);
			sourceTree = "<group>";
		};
		87DBCFE1280A960E00EC8405 /* Products */ = {
			isa = PBXGroup;
			children = (
				87DBCFE0280A960E00EC8405 /* lockrApp.app */,
			);
			name = Products;
			sourceTree = "<group>";
		};
		87DBCFE2280A960E00EC8405 /* lockrApp */ = {
			isa = PBXGroup;
			children = (
				87DBD00D280AB52000EC8405 /* GoogleService-Info.plist */,
				87DBD00A280AB0EB00EC8405 /* lockrApp.entitlements */,
				87DBCFFB280A9A4500EC8405 /* Helpers */,
				87DBCFF7280A97B300EC8405 /* Firebase */,
				87DBCFE3280A960E00EC8405 /* lockrAppApp.swift */,
				87DBD00B280AB33A00EC8405 /* userConfig.swift */,
				4EF5C97F280AB5C700E3FA64 /* RequestLocationData.swift */,
				87DBCFF8280A98C600EC8405 /* Views */,
				87DBCFE7280A960F00EC8405 /* Assets.xcassets */,
				87DBCFE9280A960F00EC8405 /* Preview Content */,
			);
			path = lockrApp;
			sourceTree = "<group>";
		};
		87DBCFE9280A960F00EC8405 /* Preview Content */ = {
			isa = PBXGroup;
			children = (
				87DBCFEA280A960F00EC8405 /* Preview Assets.xcassets */,
			);
			path = "Preview Content";
			sourceTree = "<group>";
		};
		87DBCFF7280A97B300EC8405 /* Firebase */ = {
			isa = PBXGroup;
			children = (
				87DBD008280AA89F00EC8405 /* authService.swift */,
			);
			path = Firebase;
			sourceTree = "<group>";
		};
		87DBCFF8280A98C600EC8405 /* Views */ = {
			isa = PBXGroup;
			children = (
				87DBD003280A9FB600EC8405 /* SubViews */,
				87DBCFE5280A960E00EC8405 /* ContentView.swift */,
				87DBCFF9280A994F00EC8405 /* signUpView.swift */,
				87DBD001280A9EE500EC8405 /* onboardingView.swift */,
				4EF5C97D280AAD7800E3FA64 /* mapView.swift */,
				87DBD010280B1B4A00EC8405 /* lockrPage.swift */,
			);
			path = Views;
			sourceTree = "<group>";
		};
		87DBCFFB280A9A4500EC8405 /* Helpers */ = {
			isa = PBXGroup;
			children = (
				87DBCFFC280A9A4E00EC8405 /* Extensions */,
			);
			path = Helpers;
			sourceTree = "<group>";
		};
		87DBCFFC280A9A4E00EC8405 /* Extensions */ = {
			isa = PBXGroup;
			children = (
				87DBCFFD280A9A7F00EC8405 /* Extensions.swift */,
			);
			path = Extensions;
			sourceTree = "<group>";
		};
		87DBD003280A9FB600EC8405 /* SubViews */ = {
			isa = PBXGroup;
			children = (
				87DBD004280A9FC900EC8405 /* SignInWithAppleButtonCustom.swift */,
			);
			path = SubViews;
			sourceTree = "<group>";
		};
		87DBD00F280B183100EC8405 /* Recovered References */ = {
			isa = PBXGroup;
			children = (
				87DBD006280AA72500EC8405 /* GoogleService-Info.plist */,
			);
			name = "Recovered References";
			sourceTree = "<group>";
		};
/* End PBXGroup section */

/* Begin PBXNativeTarget section */
		87DBCFDF280A960E00EC8405 /* lockrApp */ = {
			isa = PBXNativeTarget;
			buildConfigurationList = 87DBCFEE280A960F00EC8405 /* Build configuration list for PBXNativeTarget "lockrApp" */;
			buildPhases = (
				87DBCFDC280A960E00EC8405 /* Sources */,
				87DBCFDD280A960E00EC8405 /* Frameworks */,
				87DBCFDE280A960E00EC8405 /* Resources */,
			);
			buildRules = (
			);
			dependencies = (
			);
			name = lockrApp;
			packageProductDependencies = (
				87DBCFF5280A97A200EC8405 /* EasyFirebase */,
				4EF5C979280AA90000E3FA64 /* EasyFirebase */,
			);
			productName = lockrApp;
			productReference = 87DBCFE0280A960E00EC8405 /* lockrApp.app */;
			productType = "com.apple.product-type.application";
		};
/* End PBXNativeTarget section */

/* Begin PBXProject section */
		87DBCFD8280A960D00EC8405 /* Project object */ = {
			isa = PBXProject;
			attributes = {
				BuildIndependentTargetsInParallel = 1;
				LastSwiftUpdateCheck = 1320;
				LastUpgradeCheck = 1320;
				TargetAttributes = {
					87DBCFDF280A960E00EC8405 = {
						CreatedOnToolsVersion = 13.2.1;
					};
				};
			};
			buildConfigurationList = 87DBCFDB280A960D00EC8405 /* Build configuration list for PBXProject "lockrApp" */;
			compatibilityVersion = "Xcode 13.0";
			developmentRegion = en;
			hasScannedForEncodings = 0;
			knownRegions = (
				en,
				Base,
			);
			mainGroup = 87DBCFD7280A960D00EC8405;
			packageReferences = (
				87DBCFF4280A97A200EC8405 /* XCRemoteSwiftPackageReference "easy-firebase" */,
				4EF5C978280AA90000E3FA64 /* XCRemoteSwiftPackageReference "easy-firebase" */,
			);
			productRefGroup = 87DBCFE1280A960E00EC8405 /* Products */;
			projectDirPath = "";
			projectRoot = "";
			targets = (
				87DBCFDF280A960E00EC8405 /* lockrApp */,
			);
		};
/* End PBXProject section */

/* Begin PBXResourcesBuildPhase section */
		87DBCFDE280A960E00EC8405 /* Resources */ = {
			isa = PBXResourcesBuildPhase;
			buildActionMask = 2147483647;
			files = (
				87DBCFEB280A960F00EC8405 /* Preview Assets.xcassets in Resources */,
				87DBD00E280AB52000EC8405 /* GoogleService-Info.plist in Resources */,
				87DBCFE8280A960F00EC8405 /* Assets.xcassets in Resources */,
				87DBD007280AA72500EC8405 /* GoogleService-Info.plist in Resources */,
			);
			runOnlyForDeploymentPostprocessing = 0;
		};
/* End PBXResourcesBuildPhase section */

/* Begin PBXSourcesBuildPhase section */
		87DBCFDC280A960E00EC8405 /* Sources */ = {
			isa = PBXSourcesBuildPhase;
			buildActionMask = 2147483647;
			files = (
				87DBD00C280AB33A00EC8405 /* userConfig.swift in Sources */,
				4EF5C980280AB5C700E3FA64 /* RequestLocationData.swift in Sources */,
				87DBCFE6280A960E00EC8405 /* ContentView.swift in Sources */,
				87DBD009280AA89F00EC8405 /* authService.swift in Sources */,
				87DBCFE4280A960E00EC8405 /* lockrAppApp.swift in Sources */,
				87DBD011280B1B4A00EC8405 /* lockrPage.swift in Sources */,
				87DBCFFA280A994F00EC8405 /* signUpView.swift in Sources */,
				87DBD005280A9FC900EC8405 /* SignInWithAppleButtonCustom.swift in Sources */,
				87DBD002280A9EE500EC8405 /* onboardingView.swift in Sources */,
				87DBCFFE280A9A7F00EC8405 /* Extensions.swift in Sources */,
				4EF5C97E280AAD7800E3FA64 /* mapView.swift in Sources */,
			);
			runOnlyForDeploymentPostprocessing = 0;
		};
/* End PBXSourcesBuildPhase section */

/* Begin XCBuildConfiguration section */
		87DBCFEC280A960F00EC8405 /* Debug */ = {
			isa = XCBuildConfiguration;
			buildSettings = {
				ALWAYS_SEARCH_USER_PATHS = NO;
				CLANG_ANALYZER_NONNULL = YES;
				CLANG_ANALYZER_NUMBER_OBJECT_CONVERSION = YES_AGGRESSIVE;
				CLANG_CXX_LANGUAGE_STANDARD = "gnu++17";
				CLANG_CXX_LIBRARY = "libc++";
				CLANG_ENABLE_MODULES = YES;
				CLANG_ENABLE_OBJC_ARC = YES;
				CLANG_ENABLE_OBJC_WEAK = YES;
				CLANG_WARN_BLOCK_CAPTURE_AUTORELEASING = YES;
				CLANG_WARN_BOOL_CONVERSION = YES;
				CLANG_WARN_COMMA = YES;
				CLANG_WARN_CONSTANT_CONVERSION = YES;
				CLANG_WARN_DEPRECATED_OBJC_IMPLEMENTATIONS = YES;
				CLANG_WARN_DIRECT_OBJC_ISA_USAGE = YES_ERROR;
				CLANG_WARN_DOCUMENTATION_COMMENTS = YES;
				CLANG_WARN_EMPTY_BODY = YES;
				CLANG_WARN_ENUM_CONVERSION = YES;
				CLANG_WARN_INFINITE_RECURSION = YES;
				CLANG_WARN_INT_CONVERSION = YES;
				CLANG_WARN_NON_LITERAL_NULL_CONVERSION = YES;
				CLANG_WARN_OBJC_IMPLICIT_RETAIN_SELF = YES;
				CLANG_WARN_OBJC_LITERAL_CONVERSION = YES;
				CLANG_WARN_OBJC_ROOT_CLASS = YES_ERROR;
				CLANG_WARN_QUOTED_INCLUDE_IN_FRAMEWORK_HEADER = YES;
				CLANG_WARN_RANGE_LOOP_ANALYSIS = YES;
				CLANG_WARN_STRICT_PROTOTYPES = YES;
				CLANG_WARN_SUSPICIOUS_MOVE = YES;
				CLANG_WARN_UNGUARDED_AVAILABILITY = YES_AGGRESSIVE;
				CLANG_WARN_UNREACHABLE_CODE = YES;
				CLANG_WARN__DUPLICATE_METHOD_MATCH = YES;
				COPY_PHASE_STRIP = NO;
				DEBUG_INFORMATION_FORMAT = dwarf;
				ENABLE_STRICT_OBJC_MSGSEND = YES;
				ENABLE_TESTABILITY = YES;
				GCC_C_LANGUAGE_STANDARD = gnu11;
				GCC_DYNAMIC_NO_PIC = NO;
				GCC_NO_COMMON_BLOCKS = YES;
				GCC_OPTIMIZATION_LEVEL = 0;
				GCC_PREPROCESSOR_DEFINITIONS = (
					"DEBUG=1",
					"$(inherited)",
				);
				GCC_WARN_64_TO_32_BIT_CONVERSION = YES;
				GCC_WARN_ABOUT_RETURN_TYPE = YES_ERROR;
				GCC_WARN_UNDECLARED_SELECTOR = YES;
				GCC_WARN_UNINITIALIZED_AUTOS = YES_AGGRESSIVE;
				GCC_WARN_UNUSED_FUNCTION = YES;
				GCC_WARN_UNUSED_VARIABLE = YES;
				IPHONEOS_DEPLOYMENT_TARGET = 15.2;
				MTL_ENABLE_DEBUG_INFO = INCLUDE_SOURCE;
				MTL_FAST_MATH = YES;
				ONLY_ACTIVE_ARCH = YES;
				SDKROOT = iphoneos;
				SWIFT_ACTIVE_COMPILATION_CONDITIONS = DEBUG;
				SWIFT_OPTIMIZATION_LEVEL = "-Onone";
			};
			name = Debug;
		};
		87DBCFED280A960F00EC8405 /* Release */ = {
			isa = XCBuildConfiguration;
			buildSettings = {
				ALWAYS_SEARCH_USER_PATHS = NO;
				CLANG_ANALYZER_NONNULL = YES;
				CLANG_ANALYZER_NUMBER_OBJECT_CONVERSION = YES_AGGRESSIVE;
				CLANG_CXX_LANGUAGE_STANDARD = "gnu++17";
				CLANG_CXX_LIBRARY = "libc++";
				CLANG_ENABLE_MODULES = YES;
				CLANG_ENABLE_OBJC_ARC = YES;
				CLANG_ENABLE_OBJC_WEAK = YES;
				CLANG_WARN_BLOCK_CAPTURE_AUTORELEASING = YES;
				CLANG_WARN_BOOL_CONVERSION = YES;
				CLANG_WARN_COMMA = YES;
				CLANG_WARN_CONSTANT_CONVERSION = YES;
				CLANG_WARN_DEPRECATED_OBJC_IMPLEMENTATIONS = YES;
				CLANG_WARN_DIRECT_OBJC_ISA_USAGE = YES_ERROR;
				CLANG_WARN_DOCUMENTATION_COMMENTS = YES;
				CLANG_WARN_EMPTY_BODY = YES;
				CLANG_WARN_ENUM_CONVERSION = YES;
				CLANG_WARN_INFINITE_RECURSION = YES;
				CLANG_WARN_INT_CONVERSION = YES;
				CLANG_WARN_NON_LITERAL_NULL_CONVERSION = YES;
				CLANG_WARN_OBJC_IMPLICIT_RETAIN_SELF = YES;
				CLANG_WARN_OBJC_LITERAL_CONVERSION = YES;
				CLANG_WARN_OBJC_ROOT_CLASS = YES_ERROR;
				CLANG_WARN_QUOTED_INCLUDE_IN_FRAMEWORK_HEADER = YES;
				CLANG_WARN_RANGE_LOOP_ANALYSIS = YES;
				CLANG_WARN_STRICT_PROTOTYPES = YES;
				CLANG_WARN_SUSPICIOUS_MOVE = YES;
				CLANG_WARN_UNGUARDED_AVAILABILITY = YES_AGGRESSIVE;
				CLANG_WARN_UNREACHABLE_CODE = YES;
				CLANG_WARN__DUPLICATE_METHOD_MATCH = YES;
				COPY_PHASE_STRIP = NO;
				DEBUG_INFORMATION_FORMAT = "dwarf-with-dsym";
				ENABLE_NS_ASSERTIONS = NO;
				ENABLE_STRICT_OBJC_MSGSEND = YES;
				GCC_C_LANGUAGE_STANDARD = gnu11;
				GCC_NO_COMMON_BLOCKS = YES;
				GCC_WARN_64_TO_32_BIT_CONVERSION = YES;
				GCC_WARN_ABOUT_RETURN_TYPE = YES_ERROR;
				GCC_WARN_UNDECLARED_SELECTOR = YES;
				GCC_WARN_UNINITIALIZED_AUTOS = YES_AGGRESSIVE;
				GCC_WARN_UNUSED_FUNCTION = YES;
				GCC_WARN_UNUSED_VARIABLE = YES;
				IPHONEOS_DEPLOYMENT_TARGET = 15.2;
				MTL_ENABLE_DEBUG_INFO = NO;
				MTL_FAST_MATH = YES;
				SDKROOT = iphoneos;
				SWIFT_COMPILATION_MODE = wholemodule;
				SWIFT_OPTIMIZATION_LEVEL = "-O";
				VALIDATE_PRODUCT = YES;
			};
			name = Release;
		};
		87DBCFEF280A960F00EC8405 /* Debug */ = {
			isa = XCBuildConfiguration;
			buildSettings = {
				ASSETCATALOG_COMPILER_APPICON_NAME = AppIcon;
				ASSETCATALOG_COMPILER_GLOBAL_ACCENT_COLOR_NAME = AccentColor;
				CODE_SIGN_ENTITLEMENTS = lockrApp/lockrApp.entitlements;
				CODE_SIGN_STYLE = Automatic;
				CURRENT_PROJECT_VERSION = 1;
				DEVELOPMENT_ASSET_PATHS = "\"lockrApp/Preview Content\"";
				DEVELOPMENT_TEAM = 8RZ9HFLCVY;
				ENABLE_PREVIEWS = YES;
				GENERATE_INFOPLIST_FILE = YES;
				INFOPLIST_KEY_UIApplicationSceneManifest_Generation = YES;
				INFOPLIST_KEY_UIApplicationSupportsIndirectInputEvents = YES;
				INFOPLIST_KEY_UILaunchScreen_Generation = YES;
				INFOPLIST_KEY_UISupportedInterfaceOrientations_iPad = "UIInterfaceOrientationPortrait UIInterfaceOrientationPortraitUpsideDown UIInterfaceOrientationLandscapeLeft UIInterfaceOrientationLandscapeRight";
				INFOPLIST_KEY_UISupportedInterfaceOrientations_iPhone = "UIInterfaceOrientationPortrait UIInterfaceOrientationLandscapeLeft UIInterfaceOrientationLandscapeRight";
				LD_RUNPATH_SEARCH_PATHS = (
					"$(inherited)",
					"@executable_path/Frameworks",
				);
				MARKETING_VERSION = 1.0;
				PRODUCT_BUNDLE_IDENTIFIER = com.Lockr.lockrApp1;
				PRODUCT_NAME = "$(TARGET_NAME)";
				SWIFT_EMIT_LOC_STRINGS = YES;
				SWIFT_VERSION = 5.0;
				TARGETED_DEVICE_FAMILY = "1,2";
			};
			name = Debug;
		};
		87DBCFF0280A960F00EC8405 /* Release */ = {
			isa = XCBuildConfiguration;
			buildSettings = {
				ASSETCATALOG_COMPILER_APPICON_NAME = AppIcon;
				ASSETCATALOG_COMPILER_GLOBAL_ACCENT_COLOR_NAME = AccentColor;
				CODE_SIGN_ENTITLEMENTS = lockrApp/lockrApp.entitlements;
				CODE_SIGN_STYLE = Automatic;
				CURRENT_PROJECT_VERSION = 1;
				DEVELOPMENT_ASSET_PATHS = "\"lockrApp/Preview Content\"";
				DEVELOPMENT_TEAM = 8RZ9HFLCVY;
				ENABLE_PREVIEWS = YES;
				GENERATE_INFOPLIST_FILE = YES;
				INFOPLIST_KEY_UIApplicationSceneManifest_Generation = YES;
				INFOPLIST_KEY_UIApplicationSupportsIndirectInputEvents = YES;
				INFOPLIST_KEY_UILaunchScreen_Generation = YES;
				INFOPLIST_KEY_UISupportedInterfaceOrientations_iPad = "UIInterfaceOrientationPortrait UIInterfaceOrientationPortraitUpsideDown UIInterfaceOrientationLandscapeLeft UIInterfaceOrientationLandscapeRight";
				INFOPLIST_KEY_UISupportedInterfaceOrientations_iPhone = "UIInterfaceOrientationPortrait UIInterfaceOrientationLandscapeLeft UIInterfaceOrientationLandscapeRight";
				LD_RUNPATH_SEARCH_PATHS = (
					"$(inherited)",
					"@executable_path/Frameworks",
				);
				MARKETING_VERSION = 1.0;
				PRODUCT_BUNDLE_IDENTIFIER = com.Lockr.lockrApp1;
				PRODUCT_NAME = "$(TARGET_NAME)";
				SWIFT_EMIT_LOC_STRINGS = YES;
				SWIFT_VERSION = 5.0;
				TARGETED_DEVICE_FAMILY = "1,2";
			};
			name = Release;
		};
/* End XCBuildConfiguration section */

/* Begin XCConfigurationList section */
		87DBCFDB280A960D00EC8405 /* Build configuration list for PBXProject "lockrApp" */ = {
			isa = XCConfigurationList;
			buildConfigurations = (
				87DBCFEC280A960F00EC8405 /* Debug */,
				87DBCFED280A960F00EC8405 /* Release */,
			);
			defaultConfigurationIsVisible = 0;
			defaultConfigurationName = Release;
		};
		87DBCFEE280A960F00EC8405 /* Build configuration list for PBXNativeTarget "lockrApp" */ = {
			isa = XCConfigurationList;
			buildConfigurations = (
				87DBCFEF280A960F00EC8405 /* Debug */,
				87DBCFF0280A960F00EC8405 /* Release */,
			);
			defaultConfigurationIsVisible = 0;
			defaultConfigurationName = Release;
		};
/* End XCConfigurationList section */

/* Begin XCRemoteSwiftPackageReference section */
		4EF5C978280AA90000E3FA64 /* XCRemoteSwiftPackageReference "easy-firebase" */ = {
			isa = XCRemoteSwiftPackageReference;
			repositoryURL = "https://github.com/Flowductive/easy-firebase";
			requirement = {
				branch = main;
				kind = branch;
			};
		};
		87DBCFF4280A97A200EC8405 /* XCRemoteSwiftPackageReference "easy-firebase" */ = {
			isa = XCRemoteSwiftPackageReference;
			repositoryURL = "https://github.com/Flowductive/easy-firebase";
			requirement = {
				branch = main;
				kind = branch;
			};
		};
/* End XCRemoteSwiftPackageReference section */

/* Begin XCSwiftPackageProductDependency section */
		4EF5C979280AA90000E3FA64 /* EasyFirebase */ = {
			isa = XCSwiftPackageProductDependency;
			package = 87DBCFF4280A97A200EC8405 /* XCRemoteSwiftPackageReference "easy-firebase" */;
			productName = EasyFirebase;
		};
		87DBCFF5280A97A200EC8405 /* EasyFirebase */ = {
			isa = XCSwiftPackageProductDependency;
			package = 87DBCFF4280A97A200EC8405 /* XCRemoteSwiftPackageReference "easy-firebase" */;
			productName = EasyFirebase;
		};
/* End XCSwiftPackageProductDependency section */
	};
	rootObject = 87DBCFD8280A960D00EC8405 /* Project object */;
}
